{
  "name": "@cardsgame/client",
  "version": "1.1.0",
  "lockfileVersion": 2,
  "requires": true,
  "packages": {
    "": {
      "name": "@cardsgame/client",
      "version": "1.1.0",
      "license": "MIT",
      "dependencies": {
        "@colyseus/schema": "^1.0.32"
      }
    },
    "../baseConfigs": {
      "name": "@cardsgame/base-configs",
      "version": "1.0.0",
      "extraneous": true,
      "license": "MIT"
    },
    "../types": {
      "name": "@cardsgame/types",
      "version": "0.22.0",
      "extraneous": true,
      "license": "MIT"
    },
    "../utils": {
      "name": "@cardsgame/utils",
      "version": "0.22.0",
      "extraneous": true,
      "license": "MIT",
      "dependencies": {
        "@cardsgame/types": "^0.22.0",
        "chalk": "^4.1.2"
      },
      "devDependencies": {
        "@cardsgame/base-configs": "^1.0.0",
        "@types/node": "^18.11.0"
      }
    },
    "node_modules/@colyseus/schema": {
      "version": "1.0.42",
      "resolved": "https://registry.npmjs.org/@colyseus/schema/-/schema-1.0.42.tgz",
      "integrity": "sha512-0FvpE0ysOls4Nq6UexmqqNzQuvUzdfrpm/EwC0olfDCiYqPPpDVG27FqbMRhs5lOs2lLFPipTbQxG3UqVnWliw==",
      "bin": {
        "schema-codegen": "bin/schema-codegen"
      }
    }
  },
  "dependencies": {
    "@colyseus/schema": {
      "version": "1.0.42",
      "resolved": "https://registry.npmjs.org/@colyseus/schema/-/schema-1.0.42.tgz",
      "integrity": "sha512-0FvpE0ysOls4Nq6UexmqqNzQuvUzdfrpm/EwC0olfDCiYqPPpDVG27FqbMRhs5lOs2lLFPipTbQxG3UqVnWliw=="
    }
  }
}
