{
  "name": "@cardsgame/client",
  "version": "0.12.17",
  "lockfileVersion": 2,
  "requires": true,
  "packages": {
    "": {
      "name": "@cardsgame/client",
      "version": "0.12.16",
      "license": "MIT",
      "dependencies": {
        "@colyseus/schema": "^1.0.32",
        "colyseus.js": "^0.14.0"
      },
      "devDependencies": {
        "@rollup/plugin-commonjs": "^21.0.1",
        "@rollup/plugin-node-resolve": "^13.1.3",
        "@rollup/plugin-typescript": "^8.3.0",
        "rollup": "^2.66.1",
        "rollup-plugin-terser": "^7.0.2"
      }
    },
    "../types": {
      "name": "@cardsgame/types",
      "version": "0.12.1",
      "extraneous": true,
      "license": "MIT"
    },
    "../utils": {
      "name": "@cardsgame/utils",
      "version": "0.12.6",
      "extraneous": true,
      "license": "MIT",
      "dependencies": {
        "@cardsgame/types": "file:../types",
        "chalk": "^4.1.0"
      },
      "devDependencies": {
        "@types/node": "^14.14.6"
      }
    },
    "node_modules/@babel/code-frame": {
      "version": "7.16.7",
      "dev": true,
      "license": "MIT",
      "dependencies": {
        "@babel/highlight": "^7.16.7"
      },
      "engines": {
        "node": ">=6.9.0"
      }
    },
    "node_modules/@babel/helper-validator-identifier": {
      "version": "7.16.7",
      "dev": true,
      "license": "MIT",
      "engines": {
        "node": ">=6.9.0"
      }
    },
    "node_modules/@babel/highlight": {
      "version": "7.16.10",
      "dev": true,
      "license": "MIT",
      "dependencies": {
        "@babel/helper-validator-identifier": "^7.16.7",
        "chalk": "^2.0.0",
        "js-tokens": "^4.0.0"
      },
      "engines": {
        "node": ">=6.9.0"
      }
    },
    "node_modules/@colyseus/schema": {
      "version": "1.0.32",
      "license": "MIT",
      "bin": {
        "schema-codegen": "bin/schema-codegen"
      }
    },
    "node_modules/@rollup/plugin-commonjs": {
      "version": "21.0.1",
      "dev": true,
      "license": "MIT",
      "dependencies": {
        "@rollup/pluginutils": "^3.1.0",
        "commondir": "^1.0.1",
        "estree-walker": "^2.0.1",
        "glob": "^7.1.6",
        "is-reference": "^1.2.1",
        "magic-string": "^0.25.7",
        "resolve": "^1.17.0"
      },
      "engines": {
        "node": ">= 8.0.0"
      },
      "peerDependencies": {
        "rollup": "^2.38.3"
      }
    },
    "node_modules/@rollup/plugin-node-resolve": {
      "version": "13.1.3",
      "dev": true,
      "license": "MIT",
      "dependencies": {
        "@rollup/pluginutils": "^3.1.0",
        "@types/resolve": "1.17.1",
        "builtin-modules": "^3.1.0",
        "deepmerge": "^4.2.2",
        "is-module": "^1.0.0",
        "resolve": "^1.19.0"
      },
      "engines": {
        "node": ">= 10.0.0"
      },
      "peerDependencies": {
        "rollup": "^2.42.0"
      }
    },
    "node_modules/@rollup/plugin-typescript": {
      "version": "8.3.0",
      "dev": true,
      "license": "MIT",
      "dependencies": {
        "@rollup/pluginutils": "^3.1.0",
        "resolve": "^1.17.0"
      },
      "engines": {
        "node": ">=8.0.0"
      },
      "peerDependencies": {
        "rollup": "^2.14.0",
        "tslib": "*",
        "typescript": ">=3.7.0"
      }
    },
    "node_modules/@rollup/pluginutils": {
      "version": "3.1.0",
      "dev": true,
      "license": "MIT",
      "dependencies": {
        "@types/estree": "0.0.39",
        "estree-walker": "^1.0.1",
        "picomatch": "^2.2.2"
      },
      "engines": {
        "node": ">= 8.0.0"
      },
      "peerDependencies": {
        "rollup": "^1.20.0||^2.0.0"
      }
    },
    "node_modules/@rollup/pluginutils/node_modules/estree-walker": {
      "version": "1.0.1",
      "dev": true,
      "license": "MIT"
    },
    "node_modules/@types/estree": {
      "version": "0.0.39",
      "dev": true,
      "license": "MIT"
    },
    "node_modules/@types/node": {
      "version": "17.0.15",
      "dev": true,
      "license": "MIT"
    },
    "node_modules/@types/resolve": {
      "version": "1.17.1",
      "dev": true,
      "license": "MIT",
      "dependencies": {
        "@types/node": "*"
      }
    },
    "node_modules/ansi-styles": {
      "version": "3.2.1",
      "dev": true,
      "license": "MIT",
      "dependencies": {
        "color-convert": "^1.9.0"
      },
      "engines": {
        "node": ">=4"
      }
    },
    "node_modules/balanced-match": {
      "version": "1.0.2",
      "dev": true,
      "license": "MIT"
    },
    "node_modules/brace-expansion": {
      "version": "1.1.11",
      "dev": true,
      "license": "MIT",
      "dependencies": {
        "balanced-match": "^1.0.0",
        "concat-map": "0.0.1"
      }
    },
    "node_modules/buffer-from": {
      "version": "1.1.2",
      "dev": true,
      "license": "MIT"
    },
    "node_modules/builtin-modules": {
      "version": "3.2.0",
      "dev": true,
      "license": "MIT",
      "engines": {
        "node": ">=6"
      },
      "funding": {
        "url": "https://github.com/sponsors/sindresorhus"
      }
    },
    "node_modules/chalk": {
      "version": "2.4.2",
      "dev": true,
      "license": "MIT",
      "dependencies": {
        "ansi-styles": "^3.2.1",
        "escape-string-regexp": "^1.0.5",
        "supports-color": "^5.3.0"
      },
      "engines": {
        "node": ">=4"
      }
    },
    "node_modules/color-convert": {
      "version": "1.9.3",
      "dev": true,
      "license": "MIT",
      "dependencies": {
        "color-name": "1.1.3"
      }
    },
    "node_modules/color-name": {
      "version": "1.1.3",
      "dev": true,
      "license": "MIT"
    },
    "node_modules/colyseus.js": {
      "version": "0.14.13",
      "license": "MIT",
      "dependencies": {
        "@colyseus/schema": "^1.0.22",
        "httpie": "^2.0.0-next.13",
        "nanoevents": "^5.1.12",
        "notepack.io": "^2.1.3",
        "tslib": "^2.1.0"
      },
      "engines": {
        "node": ">= 12.x"
      }
    },
    "node_modules/commander": {
      "version": "2.20.3",
      "dev": true,
      "license": "MIT"
    },
    "node_modules/commondir": {
      "version": "1.0.1",
      "dev": true,
      "license": "MIT"
    },
    "node_modules/concat-map": {
      "version": "0.0.1",
      "dev": true,
      "license": "MIT"
    },
    "node_modules/deepmerge": {
      "version": "4.2.2",
      "dev": true,
      "license": "MIT",
      "engines": {
        "node": ">=0.10.0"
      }
    },
    "node_modules/escape-string-regexp": {
      "version": "1.0.5",
      "dev": true,
      "license": "MIT",
      "engines": {
        "node": ">=0.8.0"
      }
    },
    "node_modules/estree-walker": {
      "version": "2.0.2",
      "dev": true,
      "license": "MIT"
    },
    "node_modules/fs.realpath": {
      "version": "1.0.0",
      "dev": true,
      "license": "ISC"
    },
    "node_modules/function-bind": {
      "version": "1.1.1",
      "dev": true,
      "license": "MIT"
    },
    "node_modules/glob": {
      "version": "7.2.0",
      "dev": true,
      "license": "ISC",
      "dependencies": {
        "fs.realpath": "^1.0.0",
        "inflight": "^1.0.4",
        "inherits": "2",
        "minimatch": "^3.0.4",
        "once": "^1.3.0",
        "path-is-absolute": "^1.0.0"
      },
      "engines": {
        "node": "*"
      },
      "funding": {
        "url": "https://github.com/sponsors/isaacs"
      }
    },
    "node_modules/has": {
      "version": "1.0.3",
      "dev": true,
      "license": "MIT",
      "dependencies": {
        "function-bind": "^1.1.1"
      },
      "engines": {
        "node": ">= 0.4.0"
      }
    },
    "node_modules/has-flag": {
      "version": "3.0.0",
      "dev": true,
      "license": "MIT",
      "engines": {
        "node": ">=4"
      }
    },
    "node_modules/httpie": {
      "version": "2.0.0-next.13",
      "license": "MIT",
      "engines": {
        "node": ">=10"
      }
    },
    "node_modules/inflight": {
      "version": "1.0.6",
      "dev": true,
      "license": "ISC",
      "dependencies": {
        "once": "^1.3.0",
        "wrappy": "1"
      }
    },
    "node_modules/inherits": {
      "version": "2.0.4",
      "dev": true,
      "license": "ISC"
    },
    "node_modules/is-core-module": {
      "version": "2.8.1",
      "dev": true,
      "license": "MIT",
      "dependencies": {
        "has": "^1.0.3"
      },
      "funding": {
        "url": "https://github.com/sponsors/ljharb"
      }
    },
    "node_modules/is-module": {
      "version": "1.0.0",
      "dev": true,
      "license": "MIT"
    },
    "node_modules/is-reference": {
      "version": "1.2.1",
      "dev": true,
      "license": "MIT",
      "dependencies": {
        "@types/estree": "*"
      }
    },
    "node_modules/jest-worker": {
      "version": "26.6.2",
      "dev": true,
      "license": "MIT",
      "dependencies": {
        "@types/node": "*",
        "merge-stream": "^2.0.0",
        "supports-color": "^7.0.0"
      },
      "engines": {
        "node": ">= 10.13.0"
      }
    },
    "node_modules/jest-worker/node_modules/has-flag": {
      "version": "4.0.0",
      "dev": true,
      "license": "MIT",
      "engines": {
        "node": ">=8"
      }
    },
    "node_modules/jest-worker/node_modules/supports-color": {
      "version": "7.2.0",
      "dev": true,
      "license": "MIT",
      "dependencies": {
        "has-flag": "^4.0.0"
      },
      "engines": {
        "node": ">=8"
      }
    },
    "node_modules/js-tokens": {
      "version": "4.0.0",
      "dev": true,
      "license": "MIT"
    },
    "node_modules/magic-string": {
      "version": "0.25.7",
      "dev": true,
      "license": "MIT",
      "dependencies": {
        "sourcemap-codec": "^1.4.4"
      }
    },
    "node_modules/merge-stream": {
      "version": "2.0.0",
      "dev": true,
      "license": "MIT"
    },
    "node_modules/minimatch": {
      "version": "3.0.4",
      "dev": true,
      "license": "ISC",
      "dependencies": {
        "brace-expansion": "^1.1.7"
      },
      "engines": {
        "node": "*"
      }
    },
    "node_modules/nanoevents": {
      "version": "5.1.13",
      "license": "MIT",
      "engines": {
        "node": ">=6.0.0"
      }
    },
    "node_modules/notepack.io": {
      "version": "2.3.0",
      "license": "MIT"
    },
    "node_modules/once": {
      "version": "1.4.0",
      "dev": true,
      "license": "ISC",
      "dependencies": {
        "wrappy": "1"
      }
    },
    "node_modules/path-is-absolute": {
      "version": "1.0.1",
      "dev": true,
      "license": "MIT",
      "engines": {
        "node": ">=0.10.0"
      }
    },
    "node_modules/path-parse": {
      "version": "1.0.7",
      "dev": true,
      "license": "MIT"
    },
    "node_modules/picomatch": {
      "version": "2.3.1",
      "dev": true,
      "license": "MIT",
      "engines": {
        "node": ">=8.6"
      },
      "funding": {
        "url": "https://github.com/sponsors/jonschlinkert"
      }
    },
    "node_modules/randombytes": {
      "version": "2.1.0",
      "dev": true,
      "license": "MIT",
      "dependencies": {
        "safe-buffer": "^5.1.0"
      }
    },
    "node_modules/resolve": {
      "version": "1.22.0",
      "dev": true,
      "license": "MIT",
      "dependencies": {
        "is-core-module": "^2.8.1",
        "path-parse": "^1.0.7",
        "supports-preserve-symlinks-flag": "^1.0.0"
      },
      "bin": {
        "resolve": "bin/resolve"
      },
      "funding": {
        "url": "https://github.com/sponsors/ljharb"
      }
    },
    "node_modules/rollup": {
      "version": "2.67.0",
      "dev": true,
      "license": "MIT",
      "bin": {
        "rollup": "dist/bin/rollup"
      },
      "engines": {
        "node": ">=10.0.0"
      },
      "optionalDependencies": {
        "fsevents": "~2.3.2"
      }
    },
    "node_modules/rollup-plugin-terser": {
      "version": "7.0.2",
      "dev": true,
      "license": "MIT",
      "dependencies": {
        "@babel/code-frame": "^7.10.4",
        "jest-worker": "^26.2.1",
        "serialize-javascript": "^4.0.0",
        "terser": "^5.0.0"
      },
      "peerDependencies": {
        "rollup": "^2.0.0"
      }
    },
    "node_modules/safe-buffer": {
      "version": "5.2.1",
      "dev": true,
      "funding": [
        {
          "type": "github",
          "url": "https://github.com/sponsors/feross"
        },
        {
          "type": "patreon",
          "url": "https://www.patreon.com/feross"
        },
        {
          "type": "consulting",
          "url": "https://feross.org/support"
        }
      ],
      "license": "MIT"
    },
    "node_modules/serialize-javascript": {
      "version": "4.0.0",
      "dev": true,
      "license": "BSD-3-Clause",
      "dependencies": {
        "randombytes": "^2.1.0"
      }
    },
    "node_modules/source-map": {
      "version": "0.7.3",
      "dev": true,
      "license": "BSD-3-Clause",
      "engines": {
        "node": ">= 8"
      }
    },
    "node_modules/source-map-support": {
      "version": "0.5.21",
      "dev": true,
      "license": "MIT",
      "dependencies": {
        "buffer-from": "^1.0.0",
        "source-map": "^0.6.0"
      }
    },
    "node_modules/source-map-support/node_modules/source-map": {
      "version": "0.6.1",
      "dev": true,
      "license": "BSD-3-Clause",
      "engines": {
        "node": ">=0.10.0"
      }
    },
    "node_modules/sourcemap-codec": {
      "version": "1.4.8",
      "dev": true,
      "license": "MIT"
    },
    "node_modules/supports-color": {
      "version": "5.5.0",
      "dev": true,
      "license": "MIT",
      "dependencies": {
        "has-flag": "^3.0.0"
      },
      "engines": {
        "node": ">=4"
      }
    },
    "node_modules/supports-preserve-symlinks-flag": {
      "version": "1.0.0",
      "dev": true,
      "license": "MIT",
      "engines": {
        "node": ">= 0.4"
      },
      "funding": {
        "url": "https://github.com/sponsors/ljharb"
      }
    },
    "node_modules/terser": {
      "version": "5.10.0",
      "dev": true,
      "license": "BSD-2-Clause",
      "dependencies": {
        "commander": "^2.20.0",
        "source-map": "~0.7.2",
        "source-map-support": "~0.5.20"
      },
      "bin": {
        "terser": "bin/terser"
      },
      "engines": {
        "node": ">=10"
      },
      "peerDependencies": {
        "acorn": "^8.5.0"
      },
      "peerDependenciesMeta": {
        "acorn": {
          "optional": true
        }
      }
    },
    "node_modules/tslib": {
      "version": "2.3.1",
      "license": "0BSD"
    },
    "node_modules/typescript": {
      "version": "4.5.5",
      "dev": true,
      "license": "Apache-2.0",
      "peer": true,
      "bin": {
        "tsc": "bin/tsc",
        "tsserver": "bin/tsserver"
      },
      "engines": {
        "node": ">=4.2.0"
      }
    },
    "node_modules/wrappy": {
      "version": "1.0.2",
      "dev": true,
      "license": "ISC"
    }
  },
  "dependencies": {
    "@babel/code-frame": {
      "version": "7.16.7",
      "dev": true,
      "requires": {
        "@babel/highlight": "^7.16.7"
      }
    },
    "@babel/helper-validator-identifier": {
      "version": "7.16.7",
      "dev": true
    },
    "@babel/highlight": {
      "version": "7.16.10",
      "dev": true,
      "requires": {
        "@babel/helper-validator-identifier": "^7.16.7",
        "chalk": "^2.0.0",
        "js-tokens": "^4.0.0"
      }
    },
    "@colyseus/schema": {
      "version": "1.0.32"
    },
    "@rollup/plugin-commonjs": {
      "version": "21.0.1",
      "dev": true,
      "requires": {
        "@rollup/pluginutils": "^3.1.0",
        "commondir": "^1.0.1",
        "estree-walker": "^2.0.1",
        "glob": "^7.1.6",
        "is-reference": "^1.2.1",
        "magic-string": "^0.25.7",
        "resolve": "^1.17.0"
      }
    },
    "@rollup/plugin-node-resolve": {
      "version": "13.1.3",
      "dev": true,
      "requires": {
        "@rollup/pluginutils": "^3.1.0",
        "@types/resolve": "1.17.1",
        "builtin-modules": "^3.1.0",
        "deepmerge": "^4.2.2",
        "is-module": "^1.0.0",
        "resolve": "^1.19.0"
      }
    },
    "@rollup/plugin-typescript": {
      "version": "8.3.0",
      "dev": true,
      "requires": {
        "@rollup/pluginutils": "^3.1.0",
        "resolve": "^1.17.0"
      }
    },
    "@rollup/pluginutils": {
      "version": "3.1.0",
      "dev": true,
      "requires": {
        "@types/estree": "0.0.39",
        "estree-walker": "^1.0.1",
        "picomatch": "^2.2.2"
      },
      "dependencies": {
        "estree-walker": {
          "version": "1.0.1",
          "dev": true
        }
      }
    },
    "@types/estree": {
      "version": "0.0.39",
      "dev": true
    },
    "@types/node": {
      "version": "17.0.15",
      "dev": true
    },
    "@types/resolve": {
      "version": "1.17.1",
      "dev": true,
      "requires": {
        "@types/node": "*"
      }
    },
    "ansi-styles": {
      "version": "3.2.1",
      "dev": true,
      "requires": {
        "color-convert": "^1.9.0"
      }
    },
    "balanced-match": {
      "version": "1.0.2",
      "dev": true
    },
    "brace-expansion": {
      "version": "1.1.11",
      "dev": true,
      "requires": {
        "balanced-match": "^1.0.0",
        "concat-map": "0.0.1"
      }
    },
    "buffer-from": {
      "version": "1.1.2",
      "dev": true
    },
    "builtin-modules": {
      "version": "3.2.0",
      "dev": true
    },
    "chalk": {
      "version": "2.4.2",
      "dev": true,
      "requires": {
        "ansi-styles": "^3.2.1",
        "escape-string-regexp": "^1.0.5",
        "supports-color": "^5.3.0"
      }
    },
    "color-convert": {
      "version": "1.9.3",
      "dev": true,
      "requires": {
        "color-name": "1.1.3"
      }
    },
    "color-name": {
      "version": "1.1.3",
      "dev": true
    },
    "colyseus.js": {
      "version": "0.14.13",
      "requires": {
        "@colyseus/schema": "^1.0.22",
        "httpie": "^2.0.0-next.13",
        "nanoevents": "^5.1.12",
        "notepack.io": "^2.1.3",
        "tslib": "^2.1.0"
      }
    },
    "commander": {
      "version": "2.20.3",
      "dev": true
    },
    "commondir": {
      "version": "1.0.1",
      "dev": true
    },
    "concat-map": {
      "version": "0.0.1",
      "dev": true
    },
    "deepmerge": {
      "version": "4.2.2",
      "dev": true
    },
    "escape-string-regexp": {
      "version": "1.0.5",
      "dev": true
    },
    "estree-walker": {
      "version": "2.0.2",
      "dev": true
    },
    "fs.realpath": {
      "version": "1.0.0",
      "dev": true
    },
    "function-bind": {
      "version": "1.1.1",
      "dev": true
    },
    "glob": {
      "version": "7.2.0",
      "dev": true,
      "requires": {
        "fs.realpath": "^1.0.0",
        "inflight": "^1.0.4",
        "inherits": "2",
        "minimatch": "^3.0.4",
        "once": "^1.3.0",
        "path-is-absolute": "^1.0.0"
      }
    },
    "has": {
      "version": "1.0.3",
      "dev": true,
      "requires": {
        "function-bind": "^1.1.1"
      }
    },
    "has-flag": {
      "version": "3.0.0",
      "dev": true
    },
    "httpie": {
      "version": "2.0.0-next.13"
    },
    "inflight": {
      "version": "1.0.6",
      "dev": true,
      "requires": {
        "once": "^1.3.0",
        "wrappy": "1"
      }
    },
    "inherits": {
      "version": "2.0.4",
      "dev": true
    },
    "is-core-module": {
      "version": "2.8.1",
      "dev": true,
      "requires": {
        "has": "^1.0.3"
      }
    },
    "is-module": {
      "version": "1.0.0",
      "dev": true
    },
    "is-reference": {
      "version": "1.2.1",
      "dev": true,
      "requires": {
        "@types/estree": "*"
      }
    },
    "jest-worker": {
      "version": "26.6.2",
      "dev": true,
      "requires": {
        "@types/node": "*",
        "merge-stream": "^2.0.0",
        "supports-color": "^7.0.0"
      },
      "dependencies": {
        "has-flag": {
          "version": "4.0.0",
          "dev": true
        },
        "supports-color": {
          "version": "7.2.0",
          "dev": true,
          "requires": {
            "has-flag": "^4.0.0"
          }
        }
      }
    },
    "js-tokens": {
      "version": "4.0.0",
      "dev": true
    },
    "magic-string": {
      "version": "0.25.7",
      "dev": true,
      "requires": {
        "sourcemap-codec": "^1.4.4"
      }
    },
    "merge-stream": {
      "version": "2.0.0",
      "dev": true
    },
    "minimatch": {
      "version": "3.0.4",
      "dev": true,
      "requires": {
        "brace-expansion": "^1.1.7"
      }
    },
    "nanoevents": {
      "version": "5.1.13"
    },
    "notepack.io": {
      "version": "2.3.0"
    },
    "once": {
      "version": "1.4.0",
      "dev": true,
      "requires": {
        "wrappy": "1"
      }
    },
    "path-is-absolute": {
      "version": "1.0.1",
      "dev": true
    },
    "path-parse": {
      "version": "1.0.7",
      "dev": true
    },
    "picomatch": {
      "version": "2.3.1",
      "dev": true
    },
    "randombytes": {
      "version": "2.1.0",
      "dev": true,
      "requires": {
        "safe-buffer": "^5.1.0"
      }
    },
    "resolve": {
      "version": "1.22.0",
      "dev": true,
      "requires": {
        "is-core-module": "^2.8.1",
        "path-parse": "^1.0.7",
        "supports-preserve-symlinks-flag": "^1.0.0"
      }
    },
    "rollup": {
      "version": "2.67.0",
      "dev": true,
      "requires": {
        "fsevents": "~2.3.2"
      }
    },
    "rollup-plugin-terser": {
      "version": "7.0.2",
      "dev": true,
      "requires": {
        "@babel/code-frame": "^7.10.4",
        "jest-worker": "^26.2.1",
        "serialize-javascript": "^4.0.0",
        "terser": "^5.0.0"
      }
    },
    "safe-buffer": {
      "version": "5.2.1",
      "dev": true
    },
    "serialize-javascript": {
      "version": "4.0.0",
      "dev": true,
      "requires": {
        "randombytes": "^2.1.0"
      }
    },
    "source-map": {
      "version": "0.7.3",
      "dev": true
    },
    "source-map-support": {
      "version": "0.5.21",
      "dev": true,
      "requires": {
        "buffer-from": "^1.0.0",
        "source-map": "^0.6.0"
      },
      "dependencies": {
        "source-map": {
          "version": "0.6.1",
          "dev": true
        }
      }
    },
    "sourcemap-codec": {
      "version": "1.4.8",
      "dev": true
    },
    "supports-color": {
      "version": "5.5.0",
      "dev": true,
      "requires": {
        "has-flag": "^3.0.0"
      }
    },
    "supports-preserve-symlinks-flag": {
      "version": "1.0.0",
      "dev": true
    },
    "terser": {
      "version": "5.10.0",
      "dev": true,
      "requires": {
        "commander": "^2.20.0",
        "source-map": "~0.7.2",
        "source-map-support": "~0.5.20"
      }
    },
    "tslib": {
      "version": "2.3.1"
    },
    "typescript": {
      "version": "4.5.5",
      "dev": true,
      "peer": true
    },
    "wrappy": {
      "version": "1.0.2",
      "dev": true
    }
  }
}
