{
  "name": "@cardsgame/example-server-ts",
  "version": "0.22.0",
  "lockfileVersion": 2,
  "requires": true,
  "packages": {
    "": {
      "name": "@cardsgame/example-server-ts",
      "version": "0.22.0",
      "license": "MIT",
      "devDependencies": {
        "typescript": "^4.6.3"
      }
    },
    "../../packages/server": {
      "name": "@cardsgame/server",
      "version": "0.12.8",
      "extraneous": true,
      "license": "MIT",
      "dependencies": {
        "@colyseus/core": "^0.14.28",
        "@colyseus/schema": "^1.0.32",
        "@colyseus/ws-transport": "^0.14.21"
      }
    },
    "../../packages/types": {
      "name": "@cardsgame/types",
      "version": "0.12.1",
      "extraneous": true,
      "license": "MIT"
    },
    "../../packages/utils": {
      "name": "@cardsgame/utils",
      "version": "0.12.6",
      "extraneous": true,
      "license": "MIT",
      "dependencies": {
        "@cardsgame/types": "file:../types",
        "chalk": "^4.1.0"
      },
      "devDependencies": {
        "@types/node": "^14.14.6"
      }
    },
    "../certs": {
      "name": "@cardsgame/example-certs",
      "version": "0.12.8",
      "extraneous": true,
      "hasInstallScript": true,
      "license": "MIT"
    },
    "node_modules/typescript": {
      "version": "4.6.3",
      "resolved": "https://registry.npmjs.org/typescript/-/typescript-4.6.3.tgz",
      "integrity": "sha512-yNIatDa5iaofVozS/uQJEl3JRWLKKGJKh6Yaiv0GLGSuhpFJe7P3SbHZ8/yjAHRQwKRoA6YZqlfjXWmVzoVSMw==",
      "dev": true,
      "bin": {
        "tsc": "bin/tsc",
        "tsserver": "bin/tsserver"
      },
      "engines": {
        "node": ">=4.2.0"
      }
    }
  },
  "dependencies": {
    "typescript": {
      "version": "4.6.3",
      "resolved": "https://registry.npmjs.org/typescript/-/typescript-4.6.3.tgz",
      "integrity": "sha512-yNIatDa5iaofVozS/uQJEl3JRWLKKGJKh6Yaiv0GLGSuhpFJe7P3SbHZ8/yjAHRQwKRoA6YZqlfjXWmVzoVSMw==",
      "dev": true
    }
  }
}
