{
  "name": "@cardsgame/server",
  "version": "0.1.4",
  "lockfileVersion": 1,
  "requires": true,
  "dependencies": {
    "@cardsgame/types": {
      "version": "file:../types"
    },
    "@cardsgame/utils": {
      "version": "file:../utils",
      "requires": {
        "@colyseus/schema": "^0.4.19"
      }
    }
  }
}
