{
  "name": "@cardsgame/server",
  "version": "0.1.10",
  "lockfileVersion": 1,
  "requires": true,
  "dependencies": {
    "@cardsgame/types": {
      "version": "file:../types"
    },
    "@cardsgame/utils": {
      "version": "file:../utils",
      "requires": {
        "@colyseus/schema": "^0.4.19"
      }
    },
    "@colyseus/schema": {
      "version": "0.4.43",
      "resolved": "https://registry.npmjs.org/@colyseus/schema/-/schema-0.4.43.tgz",
      "integrity": "sha512-20L+ooQwLWc3OL21KOazcvTPnLFso/G8s4JegFA/Aw1lCiTO+ljL647VyRo7HIUYTOfSqTXoNJlXeS0vRm9iKA=="
    },
    "@gamestdio/clock": {
      "version": "1.1.9",
      "resolved": "https://registry.npmjs.org/@gamestdio/clock/-/clock-1.1.9.tgz",
      "integrity": "sha1-d+wMAROR+7/ctPMhEkKVNv2GgMs="
    },
    "@gamestdio/timer": {
      "version": "1.3.1",
      "resolved": "https://registry.npmjs.org/@gamestdio/timer/-/timer-1.3.1.tgz",
      "integrity": "sha512-WEucGxBEYBaja/YCCGCAeHkPpkZYkybJ4BfLH0HMJ2+n8RKmpjeYbx0j2TevADkk5mJ7gO48hbE+hcL/y5V45g==",
      "requires": {
        "@gamestdio/clock": "^1.1.9"
      }
    },
    "@types/bezier-js": {
      "version": "0.0.8",
      "resolved": "https://registry.npmjs.org/@types/bezier-js/-/bezier-js-0.0.8.tgz",
      "integrity": "sha512-X+sQeRVDMwlQYZEqQcVOVqCKrZa7nKVuYirlJCJQRBpucQSzPGxjv7VAncCGe0cr1v1hFuLAzK11XzjOPqQ0kA==",
      "dev": true
    },
    "@types/events": {
      "version": "3.0.0",
      "resolved": "https://registry.npmjs.org/@types/events/-/events-3.0.0.tgz",
      "integrity": "sha512-EaObqwIvayI5a8dCzhFrjKzVwKLxjoG9T6Ppd5CEo07LRKfQ8Yokw54r5+Wq7FaBQ+yXRvQAYPrHwya1/UFt9g=="
    },
    "@types/node": {
      "version": "12.6.8",
      "resolved": "https://registry.npmjs.org/@types/node/-/node-12.6.8.tgz",
      "integrity": "sha512-aX+gFgA5GHcDi89KG5keey2zf0WfZk/HAQotEamsK2kbey+8yGKcson0hbK8E+v0NArlCJQCqMP161YhV6ZXLg=="
    },
    "@types/redis": {
      "version": "2.8.13",
      "resolved": "https://registry.npmjs.org/@types/redis/-/redis-2.8.13.tgz",
      "integrity": "sha512-p86cm5P6DMotUqCS6odQRz0JJwc5QXZw9eyH0ALVIqmq12yqtex5ighWyGFHKxak9vaA/GF/Ilu0KZ0MuXXUbg==",
      "requires": {
        "@types/node": "*"
      }
    },
    "@types/ws": {
      "version": "6.0.1",
      "resolved": "https://registry.npmjs.org/@types/ws/-/ws-6.0.1.tgz",
      "integrity": "sha512-EzH8k1gyZ4xih/MaZTXwT2xOkPiIMSrhQ9b8wrlX88L0T02eYsddatQlwVFlEPyEqV0ChpdpNnE51QPH6NVT4Q==",
      "requires": {
        "@types/events": "*",
        "@types/node": "*"
      }
    },
    "async-limiter": {
      "version": "1.0.0",
      "resolved": "https://registry.npmjs.org/async-limiter/-/async-limiter-1.0.0.tgz",
      "integrity": "sha512-jp/uFnooOiO+L211eZOoSyzpOITMXx1rBITauYykG3BRYPu8h0UcxsPNB04RR5vo4Tyz3+ay17tR6JVf9qzYWg=="
    },
    "bezier-js": {
      "version": "2.4.0",
      "resolved": "https://registry.npmjs.org/bezier-js/-/bezier-js-2.4.0.tgz",
      "integrity": "sha512-ttwqGL47RtYOoZy10oFJZ1VlEC6w1eJW1xMPBAvEx57cTWgmaJNr/c2ZLMr/O2RD50saR0OaLBIpgyZ7rkHLSw=="
    },
    "colyseus": {
      "version": "0.10.9",
      "resolved": "https://registry.npmjs.org/colyseus/-/colyseus-0.10.9.tgz",
      "integrity": "sha512-NxKHof3A+QYvQGtdHLjvVlv9GawOIlnmKa6GjhNMGgUh81r2N9MTuSy8VHN4evkY+/bdWaxHg86BftxUEusdBg==",
      "requires": {
        "@colyseus/schema": "^0.4.0",
        "@gamestdio/timer": "^1.3.0",
        "@types/redis": "^2.8.12",
        "@types/ws": "^6.0.1",
        "debug": "^4.0.1",
        "fast-json-patch": "^2.0.5",
        "fossil-delta": "^1.0.1",
        "nanoid": "^2.0.0",
        "nonenumerable": "^1.0.1",
        "notepack.io": "^2.2.0",
        "redis": "^2.8.0",
        "ws": "^7.1.0"
      }
    },
    "debug": {
      "version": "4.1.1",
      "resolved": "https://registry.npmjs.org/debug/-/debug-4.1.1.tgz",
      "integrity": "sha512-pYAIzeRo8J6KPEaJ0VWOh5Pzkbw/RetuzehGM7QRRX5he4fPHx2rdKMB256ehJCkX+XRQm16eZLqLNS8RSZXZw==",
      "requires": {
        "ms": "^2.1.1"
      }
    },
    "deep-equal": {
      "version": "1.0.1",
      "resolved": "https://registry.npmjs.org/deep-equal/-/deep-equal-1.0.1.tgz",
      "integrity": "sha1-9dJgKStmDghO/0zbyfCK0yR0SLU="
    },
    "double-ended-queue": {
      "version": "2.1.0-0",
      "resolved": "https://registry.npmjs.org/double-ended-queue/-/double-ended-queue-2.1.0-0.tgz",
      "integrity": "sha1-ED01J/0xUo9AGIEwyEHv3XgmTlw=",
      "optional": true
    },
    "fast-json-patch": {
      "version": "2.1.0",
      "resolved": "https://registry.npmjs.org/fast-json-patch/-/fast-json-patch-2.1.0.tgz",
      "integrity": "sha512-PipOsAKamRw7+CXtKiieehyjUeDVPJ5J7b2kdJYerEf6TSUQoD2ijpVyZ88KQm5YXziff4h762bz3+vzf56khg==",
      "requires": {
        "deep-equal": "^1.0.1"
      }
    },
    "fossil-delta": {
      "version": "1.0.2",
      "resolved": "https://registry.npmjs.org/fossil-delta/-/fossil-delta-1.0.2.tgz",
      "integrity": "sha512-fkgQUnBaJjhDq0DN1ajBlWWRH99NQgwVoReMEr0oXLqYXAx8X9mD5gGaoTYDdVVbLJYsMNrnkJ028Ld0UgWrGA=="
    },
    "ms": {
      "version": "2.1.2",
      "resolved": "https://registry.npmjs.org/ms/-/ms-2.1.2.tgz",
      "integrity": "sha512-sGkPx+VjMtmA6MX27oA4FBFELFCZZ4S4XqeGOXCv68tT+jb3vk/RyaKWP0PTKyWtmLSM0b+adUTEvbs1PEaH2w=="
    },
    "nanoid": {
      "version": "2.0.3",
      "resolved": "https://registry.npmjs.org/nanoid/-/nanoid-2.0.3.tgz",
      "integrity": "sha512-NbaoqdhIYmY6FXDRB4eYtDVC9Z9eCbn8TyaiC16LNKtpPv/aqa0tOPD8y6gNE4yUNnaZ7LLhYtXOev/6+cBtfw=="
    },
    "nonenumerable": {
      "version": "1.1.1",
      "resolved": "https://registry.npmjs.org/nonenumerable/-/nonenumerable-1.1.1.tgz",
      "integrity": "sha512-ptUD9w9D8WqW6fuJJkZNCImkf+0vdbgUTbRK3i7jsy3olqtH96hYE6Q/S3Tx9NWbcB/ocAjYshXCAUP0lZ9B4Q=="
    },
    "notepack.io": {
      "version": "2.2.0",
      "resolved": "https://registry.npmjs.org/notepack.io/-/notepack.io-2.2.0.tgz",
      "integrity": "sha512-9b5w3t5VSH6ZPosoYnyDONnUTF8o0UkBw7JLA6eBlYJWyGT1Q3vQa8Hmuj1/X6RYvHjjygBDgw6fJhe0JEojfw=="
    },
    "redis": {
      "version": "2.8.0",
      "resolved": "https://registry.npmjs.org/redis/-/redis-2.8.0.tgz",
      "integrity": "sha512-M1OkonEQwtRmZv4tEWF2VgpG0JWJ8Fv1PhlgT5+B+uNq2cA3Rt1Yt/ryoR+vQNOQcIEgdCdfH0jr3bDpihAw1A==",
      "optional": true,
      "requires": {
        "double-ended-queue": "^2.1.0-0",
        "redis-commands": "^1.2.0",
        "redis-parser": "^2.6.0"
      }
    },
    "redis-commands": {
      "version": "1.5.0",
      "resolved": "https://registry.npmjs.org/redis-commands/-/redis-commands-1.5.0.tgz",
      "integrity": "sha512-6KxamqpZ468MeQC3bkWmCB1fp56XL64D4Kf0zJSwDZbVLLm7KFkoIcHrgRvQ+sk8dnhySs7+yBg94yIkAK7aJg==",
      "optional": true
    },
    "redis-parser": {
      "version": "2.6.0",
      "resolved": "https://registry.npmjs.org/redis-parser/-/redis-parser-2.6.0.tgz",
      "integrity": "sha1-Uu0J2srBCPGmMcB+m2mUHnoZUEs=",
      "optional": true
    },
    "ws": {
      "version": "7.1.1",
      "resolved": "https://registry.npmjs.org/ws/-/ws-7.1.1.tgz",
      "integrity": "sha512-o41D/WmDeca0BqYhsr3nJzQyg9NF5X8l/UdnFNux9cS3lwB+swm8qGWX5rn+aD6xfBU3rGmtHij7g7x6LxFU3A==",
      "requires": {
        "async-limiter": "^1.0.0"
      }
    }
  }
}
