{
  "name": "@cardsgame/example-client-svelte",
  "version": "0.22.0",
  "lockfileVersion": 2,
  "requires": true,
  "packages": {
    "": {
      "name": "@cardsgame/example-client-svelte",
      "version": "0.22.0",
      "license": "MIT",
      "devDependencies": {
        "typescript": "^4.7.4"
      }
    },
    "../../packages/client": {
      "name": "@cardsgame/client",
      "version": "0.12.6",
      "extraneous": true,
      "license": "MIT",
      "dependencies": {
        "@colyseus/schema": "^1.0.32",
        "colyseus.js": "^0.14.0"
      },
      "devDependencies": {
        "@rollup/plugin-commonjs": "^21.0.1",
        "@rollup/plugin-node-resolve": "^13.1.3",
        "@rollup/plugin-typescript": "^8.3.0",
        "rollup": "^2.66.1",
        "rollup-plugin-terser": "^7.0.2"
      }
    },
    "../certs": {
      "name": "@cardsgame/example-certs",
      "version": "0.12.8",
      "extraneous": true,
      "hasInstallScript": true,
      "license": "MIT"
    },
    "node_modules/typescript": {
      "version": "4.8.4",
      "resolved": "https://registry.npmjs.org/typescript/-/typescript-4.8.4.tgz",
      "integrity": "sha512-QCh+85mCy+h0IGff8r5XWzOVSbBO+KfeYrMQh7NJ58QujwcE22u+NUSmUxqF+un70P9GXKxa2HCNiTTMJknyjQ==",
      "dev": true,
      "bin": {
        "tsc": "bin/tsc",
        "tsserver": "bin/tsserver"
      },
      "engines": {
        "node": ">=4.2.0"
      }
    }
  },
  "dependencies": {
    "typescript": {
      "version": "4.8.4",
      "resolved": "https://registry.npmjs.org/typescript/-/typescript-4.8.4.tgz",
      "integrity": "sha512-QCh+85mCy+h0IGff8r5XWzOVSbBO+KfeYrMQh7NJ58QujwcE22u+NUSmUxqF+un70P9GXKxa2HCNiTTMJknyjQ==",
      "dev": true
    }
  }
}
