{
  "name": "@cardsgame/utils",
  "version": "0.2.0",
  "lockfileVersion": 1,
  "requires": true,
  "dependencies": {
    "@colyseus/schema": {
      "version": "0.4.57",
      "resolved": "https://registry.npmjs.org/@colyseus/schema/-/schema-0.4.57.tgz",
      "integrity": "sha512-gAqlPSwdKoGuB43X4oazd+hL1S+8ZVIJWr+QXfnHyHMFiWX7efFYCgmfv9wuW/TWgLkzpgjJEhQjBkjiG+mEZQ=="
    }
  }
}
