{
  "name": "@cardsgame/utils",
  "version": "0.2.1",
  "lockfileVersion": 1,
  "requires": true,
  "dependencies": {
    "@colyseus/schema": {
      "version": "0.5.3",
      "resolved": "https://registry.npmjs.org/@colyseus/schema/-/schema-0.5.3.tgz",
      "integrity": "sha512-s+U1rQmkZJCKPryTMRwqEDS11YQTBiL4UnIUiVYoh4bqV1Hqg1nDuHDOK8K6Elj1PfRlE4v87A+3grEGIyhorA=="
    }
  }
}
